
Microsoft Visual Studio Solution File, Format Version 12.00
# Visual Studio Version 16
VisualStudioVersion = 16.0.30320.27
MinimumVisualStudioVersion = 10.0.40219.1
Project("{FAE04EC0-301F-11D3-BF4B-00C04F79EFBC}") = "WpfApp", "WpfApp\WpfApp.csproj", "{5AE753CA-3F0B-4B35-811B-A5C1901FEF5C}"
EndProject
Global
	GlobalSection(SolutionConfigurationPlatforms) = preSolution
		Debug|Any CPU = Debug|Any CPU
		Release|Any CPU = Release|Any CPU
	EndGlobalSection
	GlobalSection(ProjectConfigurationPlatforms) = postSolution
		{5AE753CA-3F0B-4B35-811B-A5C1901FEF5C}.Debug|Any CPU.ActiveCfg = Debug|Any CPU
		{5AE753CA-3F0B-4B35-811B-A5C1901FEF5C}.Debug|Any CPU.Build.0 = Debug|Any CPU
		{5AE753CA-3F0B-4B35-811B-A5C1901FEF5C}.Release|Any CPU.ActiveCfg = Release|Any CPU
		{5AE753CA-3F0B-4B35-811B-A5C1901FEF5C}.Release|Any CPU.Build.0 = Release|Any CPU
	EndGlobalSection
	GlobalSection(SolutionProperties) = preSolution
		HideSolutionNode = FALSE
	EndGlobalSection
	GlobalSection(ExtensibilityGlobals) = postSolution
		SolutionGuid = {B23089B9-DECE-43B2-AA55-4C8D47F2DFD8}
	EndGlobalSection
EndGlobal
